
Microsoft Visual Studio Solution File, Format Version 12.00
# Visual Studio 15
VisualStudioVersion = 15.0.28307.106
MinimumVisualStudioVersion = 10.0.40219.1
Project("{FAE04EC0-301F-11D3-BF4B-00C04F79EFBC}") = "Colors", "Colors\Colors.csproj", "{81879F64-DC80-4330-8560-C47B31578EAF}"
EndProject
Global
	GlobalSection(SolutionConfigurationPlatforms) = preSolution
		Debug|Any CPU = Debug|Any CPU
		Release|Any CPU = Release|Any CPU
	EndGlobalSection
	GlobalSection(ProjectConfigurationPlatforms) = postSolution
		{81879F64-DC80-4330-8560-C47B31578EAF}.Debug|Any CPU.ActiveCfg = Debug|Any CPU
		{81879F64-DC80-4330-8560-C47B31578EAF}.Debug|Any CPU.Build.0 = Debug|Any CPU
		{81879F64-DC80-4330-8560-C47B31578EAF}.Release|Any CPU.ActiveCfg = Release|Any CPU
		{81879F64-DC80-4330-8560-C47B31578EAF}.Release|Any CPU.Build.0 = Release|Any CPU
	EndGlobalSection
	GlobalSection(SolutionProperties) = preSolution
		HideSolutionNode = FALSE
	EndGlobalSection
	GlobalSection(ExtensibilityGlobals) = postSolution
		SolutionGuid = {375C476E-B3E0-4D01-86F5-4314B2317B38}
	EndGlobalSection
EndGlobal
